{
  "nodes": {
    "nixpkgs": {
      "locked": {
        "lastModified": 1716021694,
        "narHash": "sha256-GaEWd2VHbUy5IouJg/vKDUKc5wALu++hsLLBkbV54ec=",
        "owner": "nixos",
        "repo": "nixpkgs",
        "rev": "e8c4a99e94fadc4b46e6026f5b1579b3df35bfde",
        "type": "github"
      },
      "original": {
        "owner": "nixos",
        "repo": "nixpkgs",
        "type": "github"
      }
    },
    "root": {
      "inputs": {
        "nixpkgs": "nixpkgs"
      }
    }
  },
  "root": "root",
  "version": 7
}
